{
  "name": "coffemanager.applications",
  "lockfileVersion": 2,
  "requires": true,
  "packages": {
    "": {
      "name": "coffemanager.applications",
      "hasInstallScript": true,
      "license": "ISC",
      "dependencies": {
        "database": "file:../repositories",
        "domains": "file:../domain"
      }
    },
    "../domain": {},
    "../repositories": {
      "name": "coffemanager.repositories",
      "license": "ISC",
      "dependencies": {
        "domain": "file:../domain",
        "sequelize": "^6.18.0",
        "sqlite3": "^4.2.0"
      }
    },
    "node_modules/database": {
      "resolved": "../repositories",
      "link": true
    },
    "node_modules/domains": {
      "resolved": "../domain",
      "link": true
    }
  },
  "dependencies": {
    "database": {
      "version": "file:../repositories",
      "requires": {
        "domain": "file:../domain",
        "sequelize": "^6.18.0",
        "sqlite3": "^4.2.0"
      }
    },
    "domains": {
      "version": "file:../domain"
    }
  }
}
